
Microsoft Visual Studio Solution File, Format Version 12.00
# Visual Studio 14
VisualStudioVersion = 14.0.25420.1
MinimumVisualStudioVersion = 10.0.40219.1
Project("{FAE04EC0-301F-11D3-BF4B-00C04F79EFBC}") = "Variables3", "Variables3\Variables3.csproj", "{FC6354CE-D2D3-4AE4-8D8A-C428C871B343}"
EndProject
Global
	GlobalSection(SolutionConfigurationPlatforms) = preSolution
		Debug|Any CPU = Debug|Any CPU
		Release|Any CPU = Release|Any CPU
	EndGlobalSection
	GlobalSection(ProjectConfigurationPlatforms) = postSolution
		{FC6354CE-D2D3-4AE4-8D8A-C428C871B343}.Debug|Any CPU.ActiveCfg = Debug|Any CPU
		{FC6354CE-D2D3-4AE4-8D8A-C428C871B343}.Debug|Any CPU.Build.0 = Debug|Any CPU
		{FC6354CE-D2D3-4AE4-8D8A-C428C871B343}.Release|Any CPU.ActiveCfg = Release|Any CPU
		{FC6354CE-D2D3-4AE4-8D8A-C428C871B343}.Release|Any CPU.Build.0 = Release|Any CPU
	EndGlobalSection
	GlobalSection(SolutionProperties) = preSolution
		HideSolutionNode = FALSE
	EndGlobalSection
EndGlobal
